<?xml version="1.0" encoding="utf-8"?>
<Project ToolsVersion="4.0" xmlns="http://schemas.microsoft.com/developer/msbuild/2003">
  <ItemGroup>
    <Filter Include="Lifengine">
      <UniqueIdentifier>{56735C0D-C2DD-1084-0B1C-C22977C5EED8}</UniqueIdentifier>
    </Filter>
    <Filter Include="Lifengine\Events">
      <UniqueIdentifier>{7A4210AA-663B-2FFC-8F6D-14817BC50E08}</UniqueIdentifier>
    </Filter>
  </ItemGroup>
  <ItemGroup>
    <ClInclude Include="src\Lifengine.h" />
    <ClInclude Include="src\Lifengine\Application.h">
      <Filter>Lifengine</Filter>
    </ClInclude>
    <ClInclude Include="src\Lifengine\Core.h">
      <Filter>Lifengine</Filter>
    </ClInclude>
    <ClInclude Include="src\Lifengine\EntryPoint.h">
      <Filter>Lifengine</Filter>
    </ClInclude>
    <ClInclude Include="src\Lifengine\Events\ApplicationEvent.h">
      <Filter>Lifengine\Events</Filter>
    </ClInclude>
    <ClInclude Include="src\Lifengine\Events\Event.h">
      <Filter>Lifengine\Events</Filter>
    </ClInclude>
    <ClInclude Include="src\Lifengine\Events\KeyEvent.h">
      <Filter>Lifengine\Events</Filter>
    </ClInclude>
    <ClInclude Include="src\Lifengine\Events\MouseEvent.h">
      <Filter>Lifengine\Events</Filter>
    </ClInclude>
    <ClInclude Include="src\Lifengine\KeyCodes.h">
      <Filter>Lifengine</Filter>
    </ClInclude>
    <ClInclude Include="src\Lifengine\Log.h">
      <Filter>Lifengine</Filter>
    </ClInclude>
    <ClInclude Include="src\Lifengine\MouseCodes.h">
      <Filter>Lifengine</Filter>
    </ClInclude>
    <ClInclude Include="src\lgpch.h" />
  </ItemGroup>
  <ItemGroup>
    <ClCompile Include="src\Lifengine\Application.cpp">
      <Filter>Lifengine</Filter>
    </ClCompile>
    <ClCompile Include="src\Lifengine\Log.cpp">
      <Filter>Lifengine</Filter>
    </ClCompile>
    <ClCompile Include="src\lgpch.cpp" />
  </ItemGroup>
</Project>